
Microsoft Visual Studio Solution File, Format Version 12.00
# Visual Studio Version 16
VisualStudioVersion = 16.0.31005.135
MinimumVisualStudioVersion = 10.0.40219.1
Project("{FAE04EC0-301F-11D3-BF4B-00C04F79EFBC}") = "AoC_2022.Utils", "AoC_2022.Utils\AoC_2022.Utils.csproj", "{3C13C2D1-332A-4C76-B0EA-616AEEB01C39}"
EndProject
Global
	GlobalSection(SolutionConfigurationPlatforms) = preSolution
		Debug|Any CPU = Debug|Any CPU
		Release|Any CPU = Release|Any CPU
	EndGlobalSection
	GlobalSection(ProjectConfigurationPlatforms) = postSolution
		{3C13C2D1-332A-4C76-B0EA-616AEEB01C39}.Debug|Any CPU.ActiveCfg = Debug|Any CPU
		{3C13C2D1-332A-4C76-B0EA-616AEEB01C39}.Debug|Any CPU.Build.0 = Debug|Any CPU
		{3C13C2D1-332A-4C76-B0EA-616AEEB01C39}.Release|Any CPU.ActiveCfg = Release|Any CPU
		{3C13C2D1-332A-4C76-B0EA-616AEEB01C39}.Release|Any CPU.Build.0 = Release|Any CPU
	EndGlobalSection
	GlobalSection(SolutionProperties) = preSolution
		HideSolutionNode = FALSE
	EndGlobalSection
	GlobalSection(ExtensibilityGlobals) = postSolution
		SolutionGuid = {83E80326-4D77-43EB-9723-07F692DEE799}
	EndGlobalSection
EndGlobal
